// !$*UTF8*$!
{
	archiveVersion = 1;
	classes = {
	};
	objectVersion = 56;
	objects = {

/* Begin PBXBuildFile section */
		C1684AA02DE0D1420090963A /* BudgetView.swift in Sources */ = {isa = PBXBuildFile; fileRef = C1684A9B2DE0D1420090963A /* BudgetView.swift */; };
		C1684AA12DE0D1420090963A /* ExpenseStatsView.swift in Sources */ = {isa = PBXBuildFile; fileRef = C1684A9C2DE0D1420090963A /* ExpenseStatsView.swift */; };
		C1684AA22DE0D1420090963A /* ThemeSettingsView.swift in Sources */ = {isa = PBXBuildFile; fileRef = C1684A9F2DE0D1420090963A /* ThemeSettingsView.swift */; };
		C1684AA32DE0D1420090963A /* SiriShortcutsManager.swift in Sources */ = {isa = PBXBuildFile; fileRef = C1684A9D2DE0D1420090963A /* SiriShortcutsManager.swift */; };
		C1684AA42DE0D1420090963A /* ThemeManager.swift in Sources */ = {isa = PBXBuildFile; fileRef = C1684A9E2DE0D1420090963A /* ThemeManager.swift */; };
		C1684AA82DE0D16B0090963A /* MoneyWidget.swift in Sources */ = {isa = PBXBuildFile; fileRef = C1684AA72DE0D16B0090963A /* MoneyWidget.swift */; };
		C1684AAC2DE0D3DB0090963A /* QuickExpenseView.swift in Sources */ = {isa = PBXBuildFile; fileRef = C1684AAB2DE0D3DB0090963A /* QuickExpenseView.swift */; };
		C1835C9C2D44E36800E7D618 /* SettingsView.swift in Sources */ = {isa = PBXBuildFile; fileRef = C1835C9B2D44E36800E7D618 /* SettingsView.swift */; };
		C1A521A32E193FC5000D4680 /* EditBookView.swift in Sources */ = {isa = PBXBuildFile; fileRef = C1A521A22E193FC5000D4680 /* EditBookView.swift */; };
		C1B8DAFD2C6BBD0800C8DD48 /* 9歲記帳.app in Embed Watch Content */ = {isa = PBXBuildFile; fileRef = C1B8DAFC2C6BBD0800C8DD48 /* 9歲記帳.app */; settings = {ATTRIBUTES = (RemoveHeadersOnCopy, ); }; };
		C1B8DB022C6BBD0800C8DD48 /* moneyApp.swift in Sources */ = {isa = PBXBuildFile; fileRef = C1B8DB012C6BBD0800C8DD48 /* moneyApp.swift */; };
		C1B8DB042C6BBD0800C8DD48 /* ContentView.swift in Sources */ = {isa = PBXBuildFile; fileRef = C1B8DB032C6BBD0800C8DD48 /* ContentView.swift */; };
		C1B8DB062C6BBD0900C8DD48 /* Assets.xcassets in Resources */ = {isa = PBXBuildFile; fileRef = C1B8DB052C6BBD0900C8DD48 /* Assets.xcassets */; };
		C1B8DB092C6BBD0900C8DD48 /* Preview Assets.xcassets in Resources */ = {isa = PBXBuildFile; fileRef = C1B8DB082C6BBD0900C8DD48 /* Preview Assets.xcassets */; };
		C1B8DB1F2C6BBE0200C8DD48 /* AccountingManager.swift in Sources */ = {isa = PBXBuildFile; fileRef = C1B8DB132C6BBE0100C8DD48 /* AccountingManager.swift */; };
		C1B8DB202C6BBE0200C8DD48 /* AppView.swift in Sources */ = {isa = PBXBuildFile; fileRef = C1B8DB142C6BBE0100C8DD48 /* AppView.swift */; };
		C1B8DB222C6BBE0200C8DD48 /* DateView.swift in Sources */ = {isa = PBXBuildFile; fileRef = C1B8DB162C6BBE0100C8DD48 /* DateView.swift */; };
		C1B8DB232C6BBE0200C8DD48 /* ExpenseInputView.swift in Sources */ = {isa = PBXBuildFile; fileRef = C1B8DB172C6BBE0100C8DD48 /* ExpenseInputView.swift */; };
		C1B8DB242C6BBE0200C8DD48 /* CurrencySelectionView.swift in Sources */ = {isa = PBXBuildFile; fileRef = C1B8DB182C6BBE0100C8DD48 /* CurrencySelectionView.swift */; };
		C1B8DB262C6BBE0200C8DD48 /* MyBookView.swift in Sources */ = {isa = PBXBuildFile; fileRef = C1B8DB1A2C6BBE0100C8DD48 /* MyBookView.swift */; };
		C1B8DB272C6BBE0200C8DD48 /* CalculatorView.swift in Sources */ = {isa = PBXBuildFile; fileRef = C1B8DB1B2C6BBE0100C8DD48 /* CalculatorView.swift */; };
		C1B8DB282C6BBE0200C8DD48 /* NewBookView.swift in Sources */ = {isa = PBXBuildFile; fileRef = C1B8DB1C2C6BBE0200C8DD48 /* NewBookView.swift */; };
		C1B8DB292C6BBE0200C8DD48 /* ExpenseDetailView.swift in Sources */ = {isa = PBXBuildFile; fileRef = C1B8DB1D2C6BBE0200C8DD48 /* ExpenseDetailView.swift */; };
		C1B8DB2A2C6BBE0200C8DD48 /* CategoryView.swift in Sources */ = {isa = PBXBuildFile; fileRef = C1B8DB1E2C6BBE0200C8DD48 /* CategoryView.swift */; };
		C1B8DB2D2C6BBE8A00C8DD48 /* Localizable.strings in Resources */ = {isa = PBXBuildFile; fileRef = C1B8DB2B2C6BBE8A00C8DD48 /* Localizable.strings */; };
		C1B8DB322C6BBEC100C8DD48 /* WatchDatePicker in Frameworks */ = {isa = PBXBuildFile; productRef = C1B8DB312C6BBEC100C8DD48 /* WatchDatePicker */; };
/* End PBXBuildFile section */

/* Begin PBXContainerItemProxy section */
		C1B8DAFE2C6BBD0800C8DD48 /* PBXContainerItemProxy */ = {
			isa = PBXContainerItemProxy;
			containerPortal = C1B8DAF02C6BBD0800C8DD48 /* Project object */;
			proxyType = 1;
			remoteGlobalIDString = C1B8DAFB2C6BBD0800C8DD48;
			remoteInfo = "money Watch App";
		};
/* End PBXContainerItemProxy section */

/* Begin PBXCopyFilesBuildPhase section */
		C1B8DB0F2C6BBD0900C8DD48 /* Embed Watch Content */ = {
			isa = PBXCopyFilesBuildPhase;
			buildActionMask = 2147483647;
			dstPath = "$(CONTENTS_FOLDER_PATH)/Watch";
			dstSubfolderSpec = 16;
			files = (
				C1B8DAFD2C6BBD0800C8DD48 /* 9歲記帳.app in Embed Watch Content */,
			);
			name = "Embed Watch Content";
			runOnlyForDeploymentPostprocessing = 0;
		};
/* End PBXCopyFilesBuildPhase section */

/* Begin PBXFileReference section */
		C1684A9B2DE0D1420090963A /* BudgetView.swift */ = {isa = PBXFileReference; lastKnownFileType = sourcecode.swift; path = BudgetView.swift; sourceTree = "<group>"; };
		C1684A9C2DE0D1420090963A /* ExpenseStatsView.swift */ = {isa = PBXFileReference; lastKnownFileType = sourcecode.swift; path = ExpenseStatsView.swift; sourceTree = "<group>"; };
		C1684A9D2DE0D1420090963A /* SiriShortcutsManager.swift */ = {isa = PBXFileReference; lastKnownFileType = sourcecode.swift; path = SiriShortcutsManager.swift; sourceTree = "<group>"; };
		C1684A9E2DE0D1420090963A /* ThemeManager.swift */ = {isa = PBXFileReference; lastKnownFileType = sourcecode.swift; path = ThemeManager.swift; sourceTree = "<group>"; };
		C1684A9F2DE0D1420090963A /* ThemeSettingsView.swift */ = {isa = PBXFileReference; lastKnownFileType = sourcecode.swift; path = ThemeSettingsView.swift; sourceTree = "<group>"; };
		C1684AA72DE0D16B0090963A /* MoneyWidget.swift */ = {isa = PBXFileReference; lastKnownFileType = sourcecode.swift; path = MoneyWidget.swift; sourceTree = "<group>"; };
		C1684AAB2DE0D3DB0090963A /* QuickExpenseView.swift */ = {isa = PBXFileReference; lastKnownFileType = sourcecode.swift; path = QuickExpenseView.swift; sourceTree = "<group>"; };
		C1835C9B2D44E36800E7D618 /* SettingsView.swift */ = {isa = PBXFileReference; lastKnownFileType = sourcecode.swift; path = SettingsView.swift; sourceTree = "<group>"; };
		C1A521A22E193FC5000D4680 /* EditBookView.swift */ = {isa = PBXFileReference; lastKnownFileType = sourcecode.swift; path = EditBookView.swift; sourceTree = "<group>"; };
		C1B8DAF62C6BBD0800C8DD48 /* 9歲記帳.app */ = {isa = PBXFileReference; explicitFileType = wrapper.application; includeInIndex = 0; path = "9歲記帳.app"; sourceTree = BUILT_PRODUCTS_DIR; };
		C1B8DAFC2C6BBD0800C8DD48 /* 9歲記帳.app */ = {isa = PBXFileReference; explicitFileType = wrapper.application; includeInIndex = 0; path = "9歲記帳.app"; sourceTree = BUILT_PRODUCTS_DIR; };
		C1B8DB012C6BBD0800C8DD48 /* moneyApp.swift */ = {isa = PBXFileReference; lastKnownFileType = sourcecode.swift; path = moneyApp.swift; sourceTree = "<group>"; };
		C1B8DB032C6BBD0800C8DD48 /* ContentView.swift */ = {isa = PBXFileReference; lastKnownFileType = sourcecode.swift; path = ContentView.swift; sourceTree = "<group>"; };
		C1B8DB052C6BBD0900C8DD48 /* Assets.xcassets */ = {isa = PBXFileReference; lastKnownFileType = folder.assetcatalog; path = Assets.xcassets; sourceTree = "<group>"; };
		C1B8DB082C6BBD0900C8DD48 /* Preview Assets.xcassets */ = {isa = PBXFileReference; lastKnownFileType = folder.assetcatalog; path = "Preview Assets.xcassets"; sourceTree = "<group>"; };
		C1B8DB132C6BBE0100C8DD48 /* AccountingManager.swift */ = {isa = PBXFileReference; fileEncoding = 4; lastKnownFileType = sourcecode.swift; path = AccountingManager.swift; sourceTree = "<group>"; };
		C1B8DB142C6BBE0100C8DD48 /* AppView.swift */ = {isa = PBXFileReference; fileEncoding = 4; lastKnownFileType = sourcecode.swift; path = AppView.swift; sourceTree = "<group>"; };
		C1B8DB162C6BBE0100C8DD48 /* DateView.swift */ = {isa = PBXFileReference; fileEncoding = 4; lastKnownFileType = sourcecode.swift; path = DateView.swift; sourceTree = "<group>"; };
		C1B8DB172C6BBE0100C8DD48 /* ExpenseInputView.swift */ = {isa = PBXFileReference; fileEncoding = 4; lastKnownFileType = sourcecode.swift; path = ExpenseInputView.swift; sourceTree = "<group>"; };
		C1B8DB182C6BBE0100C8DD48 /* CurrencySelectionView.swift */ = {isa = PBXFileReference; fileEncoding = 4; lastKnownFileType = sourcecode.swift; path = CurrencySelectionView.swift; sourceTree = "<group>"; };
		C1B8DB1A2C6BBE0100C8DD48 /* MyBookView.swift */ = {isa = PBXFileReference; fileEncoding = 4; lastKnownFileType = sourcecode.swift; path = MyBookView.swift; sourceTree = "<group>"; };
		C1B8DB1B2C6BBE0100C8DD48 /* CalculatorView.swift */ = {isa = PBXFileReference; fileEncoding = 4; lastKnownFileType = sourcecode.swift; path = CalculatorView.swift; sourceTree = "<group>"; };
		C1B8DB1C2C6BBE0200C8DD48 /* NewBookView.swift */ = {isa = PBXFileReference; fileEncoding = 4; lastKnownFileType = sourcecode.swift; path = NewBookView.swift; sourceTree = "<group>"; };
		C1B8DB1D2C6BBE0200C8DD48 /* ExpenseDetailView.swift */ = {isa = PBXFileReference; fileEncoding = 4; lastKnownFileType = sourcecode.swift; path = ExpenseDetailView.swift; sourceTree = "<group>"; };
		C1B8DB1E2C6BBE0200C8DD48 /* CategoryView.swift */ = {isa = PBXFileReference; fileEncoding = 4; lastKnownFileType = sourcecode.swift; path = CategoryView.swift; sourceTree = "<group>"; };
		C1B8DB2C2C6BBE8A00C8DD48 /* en */ = {isa = PBXFileReference; lastKnownFileType = text.plist.strings; name = en; path = en.lproj/Localizable.strings; sourceTree = "<group>"; };
		C1B8DB2E2C6BBE9300C8DD48 /* zh-Hant */ = {isa = PBXFileReference; lastKnownFileType = text.plist.strings; name = "zh-Hant"; path = "zh-Hant.lproj/Localizable.strings"; sourceTree = "<group>"; };
		C1B8DB2F2C6BBE9600C8DD48 /* ja */ = {isa = PBXFileReference; lastKnownFileType = text.plist.strings; name = ja; path = ja.lproj/Localizable.strings; sourceTree = "<group>"; };
/* End PBXFileReference section */

/* Begin PBXFrameworksBuildPhase section */
		C1B8DAF92C6BBD0800C8DD48 /* Frameworks */ = {
			isa = PBXFrameworksBuildPhase;
			buildActionMask = 2147483647;
			files = (
				C1B8DB322C6BBEC100C8DD48 /* WatchDatePicker in Frameworks */,
			);
			runOnlyForDeploymentPostprocessing = 0;
		};
/* End PBXFrameworksBuildPhase section */

/* Begin PBXGroup section */
		C1B8DAEF2C6BBD0800C8DD48 = {
			isa = PBXGroup;
			children = (
				C1B8DB002C6BBD0800C8DD48 /* money Watch App */,
				C1B8DAF72C6BBD0800C8DD48 /* Products */,
			);
			sourceTree = "<group>";
		};
		C1B8DAF72C6BBD0800C8DD48 /* Products */ = {
			isa = PBXGroup;
			children = (
				C1B8DAF62C6BBD0800C8DD48 /* 9歲記帳.app */,
				C1B8DAFC2C6BBD0800C8DD48 /* 9歲記帳.app */,
			);
			name = Products;
			sourceTree = "<group>";
		};
		C1B8DB002C6BBD0800C8DD48 /* money Watch App */ = {
			isa = PBXGroup;
			children = (
				C1B8DB2B2C6BBE8A00C8DD48 /* Localizable.strings */,
				C1B8DB012C6BBD0800C8DD48 /* moneyApp.swift */,
				C1B8DB142C6BBE0100C8DD48 /* AppView.swift */,
				C1684AA72DE0D16B0090963A /* MoneyWidget.swift */,
				C1B8DB1C2C6BBE0200C8DD48 /* NewBookView.swift */,
				C1684AAB2DE0D3DB0090963A /* QuickExpenseView.swift */,
				C1B8DB032C6BBD0800C8DD48 /* ContentView.swift */,
				C1684A9B2DE0D1420090963A /* BudgetView.swift */,
				C1684A9C2DE0D1420090963A /* ExpenseStatsView.swift */,
				C1684A9D2DE0D1420090963A /* SiriShortcutsManager.swift */,
				C1684A9E2DE0D1420090963A /* ThemeManager.swift */,
				C1684A9F2DE0D1420090963A /* ThemeSettingsView.swift */,
				C1835C9B2D44E36800E7D618 /* SettingsView.swift */,
				C1B8DB1E2C6BBE0200C8DD48 /* CategoryView.swift */,
				C1B8DB162C6BBE0100C8DD48 /* DateView.swift */,
				C1A521A22E193FC5000D4680 /* EditBookView.swift */,
				C1B8DB132C6BBE0100C8DD48 /* AccountingManager.swift */,
				C1B8DB172C6BBE0100C8DD48 /* ExpenseInputView.swift */,
				C1B8DB182C6BBE0100C8DD48 /* CurrencySelectionView.swift */,
				C1B8DB1A2C6BBE0100C8DD48 /* MyBookView.swift */,
				C1B8DB1D2C6BBE0200C8DD48 /* ExpenseDetailView.swift */,
				C1B8DB1B2C6BBE0100C8DD48 /* CalculatorView.swift */,
				C1B8DB052C6BBD0900C8DD48 /* Assets.xcassets */,
				C1B8DB072C6BBD0900C8DD48 /* Preview Content */,
			);
			path = "money Watch App";
			sourceTree = "<group>";
		};
		C1B8DB072C6BBD0900C8DD48 /* Preview Content */ = {
			isa = PBXGroup;
			children = (
				C1B8DB082C6BBD0900C8DD48 /* Preview Assets.xcassets */,
			);
			path = "Preview Content";
			sourceTree = "<group>";
		};
/* End PBXGroup section */

/* Begin PBXNativeTarget section */
		C1B8DAF52C6BBD0800C8DD48 /* money */ = {
			isa = PBXNativeTarget;
			buildConfigurationList = C1B8DB102C6BBD0900C8DD48 /* Build configuration list for PBXNativeTarget "money" */;
			buildPhases = (
				C1B8DAF42C6BBD0800C8DD48 /* Resources */,
				C1B8DB0F2C6BBD0900C8DD48 /* Embed Watch Content */,
			);
			buildRules = (
			);
			dependencies = (
				C1B8DAFF2C6BBD0800C8DD48 /* PBXTargetDependency */,
			);
			name = money;
			productName = money;
			productReference = C1B8DAF62C6BBD0800C8DD48 /* 9歲記帳.app */;
			productType = "com.apple.product-type.application.watchapp2-container";
		};
		C1B8DAFB2C6BBD0800C8DD48 /* 9歲記帳 */ = {
			isa = PBXNativeTarget;
			buildConfigurationList = C1B8DB0C2C6BBD0900C8DD48 /* Build configuration list for PBXNativeTarget "9歲記帳" */;
			buildPhases = (
				C1B8DAF82C6BBD0800C8DD48 /* Sources */,
				C1B8DAF92C6BBD0800C8DD48 /* Frameworks */,
				C1B8DAFA2C6BBD0800C8DD48 /* Resources */,
			);
			buildRules = (
			);
			dependencies = (
			);
			name = "9歲記帳";
			packageProductDependencies = (
				C1B8DB312C6BBEC100C8DD48 /* WatchDatePicker */,
			);
			productName = "money Watch App";
			productReference = C1B8DAFC2C6BBD0800C8DD48 /* 9歲記帳.app */;
			productType = "com.apple.product-type.application";
		};
/* End PBXNativeTarget section */

/* Begin PBXProject section */
		C1B8DAF02C6BBD0800C8DD48 /* Project object */ = {
			isa = PBXProject;
			attributes = {
				BuildIndependentTargetsInParallel = 1;
				LastSwiftUpdateCheck = 1540;
				LastUpgradeCheck = 1540;
				TargetAttributes = {
					C1B8DAF52C6BBD0800C8DD48 = {
						CreatedOnToolsVersion = 15.4;
					};
					C1B8DAFB2C6BBD0800C8DD48 = {
						CreatedOnToolsVersion = 15.4;
					};
				};
			};
			buildConfigurationList = C1B8DAF32C6BBD0800C8DD48 /* Build configuration list for PBXProject "money" */;
			compatibilityVersion = "Xcode 14.0";
			developmentRegion = en;
			hasScannedForEncodings = 0;
			knownRegions = (
				en,
				Base,
				"zh-Hant",
				ja,
			);
			mainGroup = C1B8DAEF2C6BBD0800C8DD48;
			packageReferences = (
				C1B8DB302C6BBEC100C8DD48 /* XCRemoteSwiftPackageReference "watch-date-picker" */,
			);
			productRefGroup = C1B8DAF72C6BBD0800C8DD48 /* Products */;
			projectDirPath = "";
			projectRoot = "";
			targets = (
				C1B8DAF52C6BBD0800C8DD48 /* money */,
				C1B8DAFB2C6BBD0800C8DD48 /* 9歲記帳 */,
			);
		};
/* End PBXProject section */

/* Begin PBXResourcesBuildPhase section */
		C1B8DAF42C6BBD0800C8DD48 /* Resources */ = {
			isa = PBXResourcesBuildPhase;
			buildActionMask = 2147483647;
			files = (
			);
			runOnlyForDeploymentPostprocessing = 0;
		};
		C1B8DAFA2C6BBD0800C8DD48 /* Resources */ = {
			isa = PBXResourcesBuildPhase;
			buildActionMask = 2147483647;
			files = (
				C1B8DB092C6BBD0900C8DD48 /* Preview Assets.xcassets in Resources */,
				C1B8DB2D2C6BBE8A00C8DD48 /* Localizable.strings in Resources */,
				C1B8DB062C6BBD0900C8DD48 /* Assets.xcassets in Resources */,
			);
			runOnlyForDeploymentPostprocessing = 0;
		};
/* End PBXResourcesBuildPhase section */

/* Begin PBXSourcesBuildPhase section */
		C1B8DAF82C6BBD0800C8DD48 /* Sources */ = {
			isa = PBXSourcesBuildPhase;
			buildActionMask = 2147483647;
			files = (
				C1B8DB262C6BBE0200C8DD48 /* MyBookView.swift in Sources */,
				C1B8DB232C6BBE0200C8DD48 /* ExpenseInputView.swift in Sources */,
				C1B8DB222C6BBE0200C8DD48 /* DateView.swift in Sources */,
				C1B8DB242C6BBE0200C8DD48 /* CurrencySelectionView.swift in Sources */,
				C1684AA82DE0D16B0090963A /* MoneyWidget.swift in Sources */,
				C1B8DB272C6BBE0200C8DD48 /* CalculatorView.swift in Sources */,
				C1B8DB202C6BBE0200C8DD48 /* AppView.swift in Sources */,
				C1B8DB292C6BBE0200C8DD48 /* ExpenseDetailView.swift in Sources */,
				C1B8DB2A2C6BBE0200C8DD48 /* CategoryView.swift in Sources */,
				C1B8DB282C6BBE0200C8DD48 /* NewBookView.swift in Sources */,
				C1B8DB042C6BBD0800C8DD48 /* ContentView.swift in Sources */,
				C1B8DB1F2C6BBE0200C8DD48 /* AccountingManager.swift in Sources */,
				C1B8DB022C6BBD0800C8DD48 /* moneyApp.swift in Sources */,
				C1684AA02DE0D1420090963A /* BudgetView.swift in Sources */,
				C1684AAC2DE0D3DB0090963A /* QuickExpenseView.swift in Sources */,
				C1684AA12DE0D1420090963A /* ExpenseStatsView.swift in Sources */,
				C1684AA22DE0D1420090963A /* ThemeSettingsView.swift in Sources */,
				C1684AA32DE0D1420090963A /* SiriShortcutsManager.swift in Sources */,
				C1684AA42DE0D1420090963A /* ThemeManager.swift in Sources */,
				C1835C9C2D44E36800E7D618 /* SettingsView.swift in Sources */,
				C1A521A32E193FC5000D4680 /* EditBookView.swift in Sources */,
			);
			runOnlyForDeploymentPostprocessing = 0;
		};
/* End PBXSourcesBuildPhase section */

/* Begin PBXTargetDependency section */
		C1B8DAFF2C6BBD0800C8DD48 /* PBXTargetDependency */ = {
			isa = PBXTargetDependency;
			target = C1B8DAFB2C6BBD0800C8DD48 /* 9歲記帳 */;
			targetProxy = C1B8DAFE2C6BBD0800C8DD48 /* PBXContainerItemProxy */;
		};
/* End PBXTargetDependency section */

/* Begin PBXVariantGroup section */
		C1B8DB2B2C6BBE8A00C8DD48 /* Localizable.strings */ = {
			isa = PBXVariantGroup;
			children = (
				C1B8DB2C2C6BBE8A00C8DD48 /* en */,
				C1B8DB2E2C6BBE9300C8DD48 /* zh-Hant */,
				C1B8DB2F2C6BBE9600C8DD48 /* ja */,
			);
			name = Localizable.strings;
			sourceTree = "<group>";
		};
/* End PBXVariantGroup section */

/* Begin XCBuildConfiguration section */
		C1B8DB0A2C6BBD0900C8DD48 /* Debug */ = {
			isa = XCBuildConfiguration;
			buildSettings = {
				ALWAYS_SEARCH_USER_PATHS = NO;
				ASSETCATALOG_COMPILER_GENERATE_SWIFT_ASSET_SYMBOL_EXTENSIONS = YES;
				CLANG_ANALYZER_NONNULL = YES;
				CLANG_ANALYZER_NUMBER_OBJECT_CONVERSION = YES_AGGRESSIVE;
				CLANG_CXX_LANGUAGE_STANDARD = "gnu++20";
				CLANG_ENABLE_MODULES = YES;
				CLANG_ENABLE_OBJC_ARC = YES;
				CLANG_ENABLE_OBJC_WEAK = YES;
				CLANG_WARN_BLOCK_CAPTURE_AUTORELEASING = YES;
				CLANG_WARN_BOOL_CONVERSION = YES;
				CLANG_WARN_COMMA = YES;
				CLANG_WARN_CONSTANT_CONVERSION = YES;
				CLANG_WARN_DEPRECATED_OBJC_IMPLEMENTATIONS = YES;
				CLANG_WARN_DIRECT_OBJC_ISA_USAGE = YES_ERROR;
				CLANG_WARN_DOCUMENTATION_COMMENTS = YES;
				CLANG_WARN_EMPTY_BODY = YES;
				CLANG_WARN_ENUM_CONVERSION = YES;
				CLANG_WARN_INFINITE_RECURSION = YES;
				CLANG_WARN_INT_CONVERSION = YES;
				CLANG_WARN_NON_LITERAL_NULL_CONVERSION = YES;
				CLANG_WARN_OBJC_IMPLICIT_RETAIN_SELF = YES;
				CLANG_WARN_OBJC_LITERAL_CONVERSION = YES;
				CLANG_WARN_OBJC_ROOT_CLASS = YES_ERROR;
				CLANG_WARN_QUOTED_INCLUDE_IN_FRAMEWORK_HEADER = YES;
				CLANG_WARN_RANGE_LOOP_ANALYSIS = YES;
				CLANG_WARN_STRICT_PROTOTYPES = YES;
				CLANG_WARN_SUSPICIOUS_MOVE = YES;
				CLANG_WARN_UNGUARDED_AVAILABILITY = YES_AGGRESSIVE;
				CLANG_WARN_UNREACHABLE_CODE = YES;
				CLANG_WARN__DUPLICATE_METHOD_MATCH = YES;
				COPY_PHASE_STRIP = NO;
				DEBUG_INFORMATION_FORMAT = dwarf;
				ENABLE_STRICT_OBJC_MSGSEND = YES;
				ENABLE_TESTABILITY = YES;
				ENABLE_USER_SCRIPT_SANDBOXING = YES;
				GCC_C_LANGUAGE_STANDARD = gnu17;
				GCC_DYNAMIC_NO_PIC = NO;
				GCC_NO_COMMON_BLOCKS = YES;
				GCC_OPTIMIZATION_LEVEL = 0;
				GCC_PREPROCESSOR_DEFINITIONS = (
					"DEBUG=1",
					"$(inherited)",
				);
				GCC_WARN_64_TO_32_BIT_CONVERSION = YES;
				GCC_WARN_ABOUT_RETURN_TYPE = YES_ERROR;
				GCC_WARN_UNDECLARED_SELECTOR = YES;
				GCC_WARN_UNINITIALIZED_AUTOS = YES_AGGRESSIVE;
				GCC_WARN_UNUSED_FUNCTION = YES;
				GCC_WARN_UNUSED_VARIABLE = YES;
				LOCALIZATION_PREFERS_STRING_CATALOGS = YES;
				MTL_ENABLE_DEBUG_INFO = INCLUDE_SOURCE;
				MTL_FAST_MATH = YES;
				ONLY_ACTIVE_ARCH = YES;
				SWIFT_ACTIVE_COMPILATION_CONDITIONS = "DEBUG $(inherited)";
				SWIFT_OPTIMIZATION_LEVEL = "-Onone";
			};
			name = Debug;
		};
		C1B8DB0B2C6BBD0900C8DD48 /* Release */ = {
			isa = XCBuildConfiguration;
			buildSettings = {
				ALWAYS_SEARCH_USER_PATHS = NO;
				ASSETCATALOG_COMPILER_GENERATE_SWIFT_ASSET_SYMBOL_EXTENSIONS = YES;
				CLANG_ANALYZER_NONNULL = YES;
				CLANG_ANALYZER_NUMBER_OBJECT_CONVERSION = YES_AGGRESSIVE;
				CLANG_CXX_LANGUAGE_STANDARD = "gnu++20";
				CLANG_ENABLE_MODULES = YES;
				CLANG_ENABLE_OBJC_ARC = YES;
				CLANG_ENABLE_OBJC_WEAK = YES;
				CLANG_WARN_BLOCK_CAPTURE_AUTORELEASING = YES;
				CLANG_WARN_BOOL_CONVERSION = YES;
				CLANG_WARN_COMMA = YES;
				CLANG_WARN_CONSTANT_CONVERSION = YES;
				CLANG_WARN_DEPRECATED_OBJC_IMPLEMENTATIONS = YES;
				CLANG_WARN_DIRECT_OBJC_ISA_USAGE = YES_ERROR;
				CLANG_WARN_DOCUMENTATION_COMMENTS = YES;
				CLANG_WARN_EMPTY_BODY = YES;
				CLANG_WARN_ENUM_CONVERSION = YES;
				CLANG_WARN_INFINITE_RECURSION = YES;
				CLANG_WARN_INT_CONVERSION = YES;
				CLANG_WARN_NON_LITERAL_NULL_CONVERSION = YES;
				CLANG_WARN_OBJC_IMPLICIT_RETAIN_SELF = YES;
				CLANG_WARN_OBJC_LITERAL_CONVERSION = YES;
				CLANG_WARN_OBJC_ROOT_CLASS = YES_ERROR;
				CLANG_WARN_QUOTED_INCLUDE_IN_FRAMEWORK_HEADER = YES;
				CLANG_WARN_RANGE_LOOP_ANALYSIS = YES;
				CLANG_WARN_STRICT_PROTOTYPES = YES;
				CLANG_WARN_SUSPICIOUS_MOVE = YES;
				CLANG_WARN_UNGUARDED_AVAILABILITY = YES_AGGRESSIVE;
				CLANG_WARN_UNREACHABLE_CODE = YES;
				CLANG_WARN__DUPLICATE_METHOD_MATCH = YES;
				COPY_PHASE_STRIP = NO;
				DEBUG_INFORMATION_FORMAT = "dwarf-with-dsym";
				ENABLE_NS_ASSERTIONS = NO;
				ENABLE_STRICT_OBJC_MSGSEND = YES;
				ENABLE_USER_SCRIPT_SANDBOXING = YES;
				GCC_C_LANGUAGE_STANDARD = gnu17;
				GCC_NO_COMMON_BLOCKS = YES;
				GCC_WARN_64_TO_32_BIT_CONVERSION = YES;
				GCC_WARN_ABOUT_RETURN_TYPE = YES_ERROR;
				GCC_WARN_UNDECLARED_SELECTOR = YES;
				GCC_WARN_UNINITIALIZED_AUTOS = YES_AGGRESSIVE;
				GCC_WARN_UNUSED_FUNCTION = YES;
				GCC_WARN_UNUSED_VARIABLE = YES;
				LOCALIZATION_PREFERS_STRING_CATALOGS = YES;
				MTL_ENABLE_DEBUG_INFO = NO;
				MTL_FAST_MATH = YES;
				SWIFT_COMPILATION_MODE = wholemodule;
			};
			name = Release;
		};
		C1B8DB0D2C6BBD0900C8DD48 /* Debug */ = {
			isa = XCBuildConfiguration;
			buildSettings = {
				ASSETCATALOG_COMPILER_APPICON_NAME = AppIcon;
				ASSETCATALOG_COMPILER_GLOBAL_ACCENT_COLOR_NAME = AccentColor;
				CODE_SIGN_STYLE = Automatic;
				CURRENT_PROJECT_VERSION = 4;
				DEVELOPMENT_ASSET_PATHS = "\"money Watch App/Preview Content\"";
				ENABLE_PREVIEWS = YES;
				GENERATE_INFOPLIST_FILE = YES;
				INFOPLIST_KEY_UISupportedInterfaceOrientations = "UIInterfaceOrientationPortrait UIInterfaceOrientationPortraitUpsideDown";
				INFOPLIST_KEY_WKWatchOnly = YES;
				LD_RUNPATH_SEARCH_PATHS = (
					"$(inherited)",
					"@executable_path/Frameworks",
				);
				MARKETING_VERSION = 1.0;
				PRODUCT_BUNDLE_IDENTIFIER = com.show.money.watchkitapp;
				PRODUCT_NAME = "9歲記帳";
				SDKROOT = watchos;
				SKIP_INSTALL = YES;
				SWIFT_EMIT_LOC_STRINGS = YES;
				SWIFT_VERSION = 5.0;
				TARGETED_DEVICE_FAMILY = 4;
				WATCHOS_DEPLOYMENT_TARGET = 10.6;
			};
			name = Debug;
		};
		C1B8DB0E2C6BBD0900C8DD48 /* Release */ = {
			isa = XCBuildConfiguration;
			buildSettings = {
				ASSETCATALOG_COMPILER_APPICON_NAME = AppIcon;
				ASSETCATALOG_COMPILER_GLOBAL_ACCENT_COLOR_NAME = AccentColor;
				CODE_SIGN_STYLE = Automatic;
				CURRENT_PROJECT_VERSION = 4;
				DEVELOPMENT_ASSET_PATHS = "\"money Watch App/Preview Content\"";
				ENABLE_PREVIEWS = YES;
				GENERATE_INFOPLIST_FILE = YES;
				INFOPLIST_KEY_UISupportedInterfaceOrientations = "UIInterfaceOrientationPortrait UIInterfaceOrientationPortraitUpsideDown";
				INFOPLIST_KEY_WKWatchOnly = YES;
				LD_RUNPATH_SEARCH_PATHS = (
					"$(inherited)",
					"@executable_path/Frameworks",
				);
				MARKETING_VERSION = 1.0;
				PRODUCT_BUNDLE_IDENTIFIER = com.show.money.watchkitapp;
				PRODUCT_NAME = "9歲記帳";
				SDKROOT = watchos;
				SKIP_INSTALL = YES;
				SWIFT_EMIT_LOC_STRINGS = YES;
				SWIFT_VERSION = 5.0;
				TARGETED_DEVICE_FAMILY = 4;
				VALIDATE_PRODUCT = YES;
				WATCHOS_DEPLOYMENT_TARGET = 10.6;
			};
			name = Release;
		};
		C1B8DB112C6BBD0900C8DD48 /* Debug */ = {
			isa = XCBuildConfiguration;
			buildSettings = {
				ALWAYS_EMBED_SWIFT_STANDARD_LIBRARIES = YES;
				CODE_SIGN_STYLE = Automatic;
				CURRENT_PROJECT_VERSION = 4;
				INFOPLIST_KEY_CFBundleDisplayName = "9歲記帳";
				MARKETING_VERSION = 1.0;
				PRODUCT_BUNDLE_IDENTIFIER = com.show.money;
				PRODUCT_NAME = "9歲記帳";
				SDKROOT = iphoneos;
				SWIFT_VERSION = 5.0;
			};
			name = Debug;
		};
		C1B8DB122C6BBD0900C8DD48 /* Release */ = {
			isa = XCBuildConfiguration;
			buildSettings = {
				ALWAYS_EMBED_SWIFT_STANDARD_LIBRARIES = YES;
				CODE_SIGN_STYLE = Automatic;
				CURRENT_PROJECT_VERSION = 4;
				INFOPLIST_KEY_CFBundleDisplayName = "9歲記帳";
				MARKETING_VERSION = 1.0;
				PRODUCT_BUNDLE_IDENTIFIER = com.show.money;
				PRODUCT_NAME = "9歲記帳";
				SDKROOT = iphoneos;
				SWIFT_VERSION = 5.0;
				VALIDATE_PRODUCT = YES;
			};
			name = Release;
		};
/* End XCBuildConfiguration section */

/* Begin XCConfigurationList section */
		C1B8DAF32C6BBD0800C8DD48 /* Build configuration list for PBXProject "money" */ = {
			isa = XCConfigurationList;
			buildConfigurations = (
				C1B8DB0A2C6BBD0900C8DD48 /* Debug */,
				C1B8DB0B2C6BBD0900C8DD48 /* Release */,
			);
			defaultConfigurationIsVisible = 0;
			defaultConfigurationName = Release;
		};
		C1B8DB0C2C6BBD0900C8DD48 /* Build configuration list for PBXNativeTarget "9歲記帳" */ = {
			isa = XCConfigurationList;
			buildConfigurations = (
				C1B8DB0D2C6BBD0900C8DD48 /* Debug */,
				C1B8DB0E2C6BBD0900C8DD48 /* Release */,
			);
			defaultConfigurationIsVisible = 0;
			defaultConfigurationName = Release;
		};
		C1B8DB102C6BBD0900C8DD48 /* Build configuration list for PBXNativeTarget "money" */ = {
			isa = XCConfigurationList;
			buildConfigurations = (
				C1B8DB112C6BBD0900C8DD48 /* Debug */,
				C1B8DB122C6BBD0900C8DD48 /* Release */,
			);
			defaultConfigurationIsVisible = 0;
			defaultConfigurationName = Release;
		};
/* End XCConfigurationList section */

/* Begin XCRemoteSwiftPackageReference section */
		C1B8DB302C6BBEC100C8DD48 /* XCRemoteSwiftPackageReference "watch-date-picker" */ = {
			isa = XCRemoteSwiftPackageReference;
			repositoryURL = "https://github.com/freysie/watch-date-picker";
			requirement = {
				kind = upToNextMajorVersion;
				minimumVersion = 0.3.0;
			};
		};
/* End XCRemoteSwiftPackageReference section */

/* Begin XCSwiftPackageProductDependency section */
		C1B8DB312C6BBEC100C8DD48 /* WatchDatePicker */ = {
			isa = XCSwiftPackageProductDependency;
			package = C1B8DB302C6BBEC100C8DD48 /* XCRemoteSwiftPackageReference "watch-date-picker" */;
			productName = WatchDatePicker;
		};
/* End XCSwiftPackageProductDependency section */
	};
	rootObject = C1B8DAF02C6BBD0800C8DD48 /* Project object */;
}
